// !$*UTF8*$!
{
	archiveVersion = 1;
	classes = {
	};
	objectVersion = 50;
	objects = {

/* Begin PBXBuildFile section */
		DB78F0E225541E1E00CD05E9 /* AppDelegate.swift in Sources */ = {isa = PBXBuildFile; fileRef = DB78F0E125541E1E00CD05E9 /* AppDelegate.swift */; };
		DB78F0E425541E1E00CD05E9 /* SceneDelegate.swift in Sources */ = {isa = PBXBuildFile; fileRef = DB78F0E325541E1E00CD05E9 /* SceneDelegate.swift */; };
		DB78F0E625541E1E00CD05E9 /* ViewController.swift in Sources */ = {isa = PBXBuildFile; fileRef = DB78F0E525541E1E00CD05E9 /* ViewController.swift */; };
		DB78F0E925541E1E00CD05E9 /* Main.storyboard in Resources */ = {isa = PBXBuildFile; fileRef = DB78F0E725541E1E00CD05E9 /* Main.storyboard */; };
		DB78F0EB25541E3D00CD05E9 /* Assets.xcassets in Resources */ = {isa = PBXBuildFile; fileRef = DB78F0EA25541E3D00CD05E9 /* Assets.xcassets */; };
		DB78F0EE25541E3D00CD05E9 /* LaunchScreen.storyboard in Resources */ = {isa = PBXBuildFile; fileRef = DB78F0EC25541E3D00CD05E9 /* LaunchScreen.storyboard */; };
/* End PBXBuildFile section */

/* Begin PBXFileReference section */
		DB78F0DE25541E1E00CD05E9 /* The Light.app */ = {isa = PBXFileReference; explicitFileType = wrapper.application; includeInIndex = 0; path = "The Light.app"; sourceTree = BUILT_PRODUCTS_DIR; };
		DB78F0E125541E1E00CD05E9 /* AppDelegate.swift */ = {isa = PBXFileReference; lastKnownFileType = sourcecode.swift; path = AppDelegate.swift; sourceTree = "<group>"; };
		DB78F0E325541E1E00CD05E9 /* SceneDelegate.swift */ = {isa = PBXFileReference; lastKnownFileType = sourcecode.swift; path = SceneDelegate.swift; sourceTree = "<group>"; };
		DB78F0E525541E1E00CD05E9 /* ViewController.swift */ = {isa = PBXFileReference; lastKnownFileType = sourcecode.swift; path = ViewController.swift; sourceTree = "<group>"; };
		DB78F0E825541E1E00CD05E9 /* Base */ = {isa = PBXFileReference; lastKnownFileType = file.storyboard; name = Base; path = Base.lproj/Main.storyboard; sourceTree = "<group>"; };
		DB78F0EA25541E3D00CD05E9 /* Assets.xcassets */ = {isa = PBXFileReference; lastKnownFileType = folder.assetcatalog; path = Assets.xcassets; sourceTree = "<group>"; };
		DB78F0ED25541E3D00CD05E9 /* Base */ = {isa = PBXFileReference; lastKnownFileType = file.storyboard; name = Base; path = Base.lproj/LaunchScreen.storyboard; sourceTree = "<group>"; };
		DB78F0EF25541E3D00CD05E9 /* Info.plist */ = {isa = PBXFileReference; lastKnownFileType = text.plist.xml; path = Info.plist; sourceTree = "<group>"; };
/* End PBXFileReference section */

/* Begin PBXFrameworksBuildPhase section */
		DB78F0DB25541E1D00CD05E9 /* Frameworks */ = {
			isa = PBXFrameworksBuildPhase;
			buildActionMask = 2147483647;
			files = (
			);
			runOnlyForDeploymentPostprocessing = 0;
		};
/* End PBXFrameworksBuildPhase section */

/* Begin PBXGroup section */
		DB78F0D525541E1D00CD05E9 = {
			isa = PBXGroup;
			children = (
				DB78F0E025541E1E00CD05E9 /* The Light */,
				DB78F0DF25541E1E00CD05E9 /* Products */,
			);
			sourceTree = "<group>";
		};
		DB78F0DF25541E1E00CD05E9 /* Products */ = {
			isa = PBXGroup;
			children = (
				DB78F0DE25541E1E00CD05E9 /* The Light.app */,
			);
			name = Products;
			sourceTree = "<group>";
		};
		DB78F0E025541E1E00CD05E9 /* The Light */ = {
			isa = PBXGroup;
			children = (
				DB78F0E125541E1E00CD05E9 /* AppDelegate.swift */,
				DB78F0E325541E1E00CD05E9 /* SceneDelegate.swift */,
				DB78F0E525541E1E00CD05E9 /* ViewController.swift */,
				DB78F0E725541E1E00CD05E9 /* Main.storyboard */,
				DB78F0EA25541E3D00CD05E9 /* Assets.xcassets */,
				DB78F0EC25541E3D00CD05E9 /* LaunchScreen.storyboard */,
				DB78F0EF25541E3D00CD05E9 /* Info.plist */,
			);
			path = "The Light";
			sourceTree = "<group>";
		};
/* End PBXGroup section */

/* Begin PBXNativeTarget section */
		DB78F0DD25541E1D00CD05E9 /* The Light */ = {
			isa = PBXNativeTarget;
			buildConfigurationList = DB78F0F225541E3D00CD05E9 /* Build configuration list for PBXNativeTarget "The Light" */;
			buildPhases = (
				DB78F0DA25541E1D00CD05E9 /* Sources */,
				DB78F0DB25541E1D00CD05E9 /* Frameworks */,
				DB78F0DC25541E1D00CD05E9 /* Resources */,
			);
			buildRules = (
			);
			dependencies = (
			);
			name = "The Light";
			productName = "The Light";
			productReference = DB78F0DE25541E1E00CD05E9 /* The Light.app */;
			productType = "com.apple.product-type.application";
		};
/* End PBXNativeTarget section */

/* Begin PBXProject section */
		DB78F0D625541E1D00CD05E9 /* Project object */ = {
			isa = PBXProject;
			attributes = {
				LastSwiftUpdateCheck = 1210;
				LastUpgradeCheck = 1210;
				TargetAttributes = {
					DB78F0DD25541E1D00CD05E9 = {
						CreatedOnToolsVersion = 12.1;
					};
				};
			};
			buildConfigurationList = DB78F0D925541E1D00CD05E9 /* Build configuration list for PBXProject "The Light" */;
			compatibilityVersion = "Xcode 9.3";
			developmentRegion = en;
			hasScannedForEncodings = 0;
			knownRegions = (
				en,
				Base,
			);
			mainGroup = DB78F0D525541E1D00CD05E9;
			productRefGroup = DB78F0DF25541E1E00CD05E9 /* Products */;
			projectDirPath = "";
			projectRoot = "";
			targets = (
				DB78F0DD25541E1D00CD05E9 /* The Light */,
			);
		};
/* End PBXProject section */

/* Begin PBXResourcesBuildPhase section */
		DB78F0DC25541E1D00CD05E9 /* Resources */ = {
			isa = PBXResourcesBuildPhase;
			buildActionMask = 2147483647;
			files = (
				DB78F0EE25541E3D00CD05E9 /* LaunchScreen.storyboard in Resources */,
				DB78F0EB25541E3D00CD05E9 /* Assets.xcassets in Resources */,
				DB78F0E925541E1E00CD05E9 /* Main.storyboard in Resources */,
			);
			runOnlyForDeploymentPostprocessing = 0;
		};
/* End PBXResourcesBuildPhase section */

/* Begin PBXSourcesBuildPhase section */
		DB78F0DA25541E1D00CD05E9 /* Sources */ = {
			isa = PBXSourcesBuildPhase;
			buildActionMask = 2147483647;
			files = (
				DB78F0E625541E1E00CD05E9 /* ViewController.swift in Sources */,
				DB78F0E225541E1E00CD05E9 /* AppDelegate.swift in Sources */,
				DB78F0E425541E1E00CD05E9 /* SceneDelegate.swift in Sources */,
			);
			runOnlyForDeploymentPostprocessing = 0;
		};
/* End PBXSourcesBuildPhase section */

/* Begin PBXVariantGroup section */
		DB78F0E725541E1E00CD05E9 /* Main.storyboard */ = {
			isa = PBXVariantGroup;
			children = (
				DB78F0E825541E1E00CD05E9 /* Base */,
			);
			name = Main.storyboard;
			sourceTree = "<group>";
		};
		DB78F0EC25541E3D00CD05E9 /* LaunchScreen.storyboard */ = {
			isa = PBXVariantGroup;
			children = (
				DB78F0ED25541E3D00CD05E9 /* Base */,
			);
			name = LaunchScreen.storyboard;
			sourceTree = "<group>";
		};
/* End PBXVariantGroup section */

/* Begin XCBuildConfiguration section */
		DB78F0F025541E3D00CD05E9 /* Debug */ = {
			isa = XCBuildConfiguration;
			buildSettings = {
				ALWAYS_SEARCH_USER_PATHS = NO;
				CLANG_ANALYZER_NONNULL = YES;
				CLANG_ANALYZER_NUMBER_OBJECT_CONVERSION = YES_AGGRESSIVE;
				CLANG_CXX_LANGUAGE_STANDARD = "gnu++14";
				CLANG_CXX_LIBRARY = "libc++";
				CLANG_ENABLE_MODULES = YES;
				CLANG_ENABLE_OBJC_ARC = YES;
				CLANG_ENABLE_OBJC_WEAK = YES;
				CLANG_WARN_BLOCK_CAPTURE_AUTORELEASING = YES;
				CLANG_WARN_BOOL_CONVERSION = YES;
				CLANG_WARN_COMMA = YES;
				CLANG_WARN_CONSTANT_CONVERSION = YES;
				CLANG_WARN_DEPRECATED_OBJC_IMPLEMENTATIONS = YES;
				CLANG_WARN_DIRECT_OBJC_ISA_USAGE = YES_ERROR;
				CLANG_WARN_DOCUMENTATION_COMMENTS = YES;
				CLANG_WARN_EMPTY_BODY = YES;
				CLANG_WARN_ENUM_CONVERSION = YES;
				CLANG_WARN_INFINITE_RECURSION = YES;
				CLANG_WARN_INT_CONVERSION = YES;
				CLANG_WARN_NON_LITERAL_NULL_CONVERSION = YES;
				CLANG_WARN_OBJC_IMPLICIT_RETAIN_SELF = YES;
				CLANG_WARN_OBJC_LITERAL_CONVERSION = YES;
				CLANG_WARN_OBJC_ROOT_CLASS = YES_ERROR;
				CLANG_WARN_QUOTED_INCLUDE_IN_FRAMEWORK_HEADER = YES;
				CLANG_WARN_RANGE_LOOP_ANALYSIS = YES;
				CLANG_WARN_STRICT_PROTOTYPES = YES;
				CLANG_WARN_SUSPICIOUS_MOVE = YES;
				CLANG_WARN_UNGUARDED_AVAILABILITY = YES_AGGRESSIVE;
				CLANG_WARN_UNREACHABLE_CODE = YES;
				CLANG_WARN__DUPLICATE_METHOD_MATCH = YES;
				COPY_PHASE_STRIP = NO;
				DEBUG_INFORMATION_FORMAT = dwarf;
				ENABLE_STRICT_OBJC_MSGSEND = YES;
				ENABLE_TESTABILITY = YES;
				GCC_C_LANGUAGE_STANDARD = gnu11;
				GCC_DYNAMIC_NO_PIC = NO;
				GCC_NO_COMMON_BLOCKS = YES;
				GCC_OPTIMIZATION_LEVEL = 0;
				GCC_PREPROCESSOR_DEFINITIONS = (
					"DEBUG=1",
					"$(inherited)",
				);
				GCC_WARN_64_TO_32_BIT_CONVERSION = YES;
				GCC_WARN_ABOUT_RETURN_TYPE = YES_ERROR;
				GCC_WARN_UNDECLARED_SELECTOR = YES;
				GCC_WARN_UNINITIALIZED_AUTOS = YES_AGGRESSIVE;
				GCC_WARN_UNUSED_FUNCTION = YES;
				GCC_WARN_UNUSED_VARIABLE = YES;
				IPHONEOS_DEPLOYMENT_TARGET = 14.1;
				MTL_ENABLE_DEBUG_INFO = INCLUDE_SOURCE;
				MTL_FAST_MATH = YES;
				ONLY_ACTIVE_ARCH = YES;
				SDKROOT = iphoneos;
				SWIFT_ACTIVE_COMPILATION_CONDITIONS = DEBUG;
				SWIFT_OPTIMIZATION_LEVEL = "-Onone";
			};
			name = Debug;
		};
		DB78F0F125541E3D00CD05E9 /* Release */ = {
			isa = XCBuildConfiguration;
			buildSettings = {
				ALWAYS_SEARCH_USER_PATHS = NO;
				CLANG_ANALYZER_NONNULL = YES;
				CLANG_ANALYZER_NUMBER_OBJECT_CONVERSION = YES_AGGRESSIVE;
				CLANG_CXX_LANGUAGE_STANDARD = "gnu++14";
				CLANG_CXX_LIBRARY = "libc++";
				CLANG_ENABLE_MODULES = YES;
				CLANG_ENABLE_OBJC_ARC = YES;
				CLANG_ENABLE_OBJC_WEAK = YES;
				CLANG_WARN_BLOCK_CAPTURE_AUTORELEASING = YES;
				CLANG_WARN_BOOL_CONVERSION = YES;
				CLANG_WARN_COMMA = YES;
				CLANG_WARN_CONSTANT_CONVERSION = YES;
				CLANG_WARN_DEPRECATED_OBJC_IMPLEMENTATIONS = YES;
				CLANG_WARN_DIRECT_OBJC_ISA_USAGE = YES_ERROR;
				CLANG_WARN_DOCUMENTATION_COMMENTS = YES;
				CLANG_WARN_EMPTY_BODY = YES;
				CLANG_WARN_ENUM_CONVERSION = YES;
				CLANG_WARN_INFINITE_RECURSION = YES;
				CLANG_WARN_INT_CONVERSION = YES;
				CLANG_WARN_NON_LITERAL_NULL_CONVERSION = YES;
				CLANG_WARN_OBJC_IMPLICIT_RETAIN_SELF = YES;
				CLANG_WARN_OBJC_LITERAL_CONVERSION = YES;
				CLANG_WARN_OBJC_ROOT_CLASS = YES_ERROR;
				CLANG_WARN_QUOTED_INCLUDE_IN_FRAMEWORK_HEADER = YES;
				CLANG_WARN_RANGE_LOOP_ANALYSIS = YES;
				CLANG_WARN_STRICT_PROTOTYPES = YES;
				CLANG_WARN_SUSPICIOUS_MOVE = YES;
				CLANG_WARN_UNGUARDED_AVAILABILITY = YES_AGGRESSIVE;
				CLANG_WARN_UNREACHABLE_CODE = YES;
				CLANG_WARN__DUPLICATE_METHOD_MATCH = YES;
				COPY_PHASE_STRIP = NO;
				DEBUG_INFORMATION_FORMAT = "dwarf-with-dsym";
				ENABLE_NS_ASSERTIONS = NO;
				ENABLE_STRICT_OBJC_MSGSEND = YES;
				GCC_C_LANGUAGE_STANDARD = gnu11;
				GCC_NO_COMMON_BLOCKS = YES;
				GCC_WARN_64_TO_32_BIT_CONVERSION = YES;
				GCC_WARN_ABOUT_RETURN_TYPE = YES_ERROR;
				GCC_WARN_UNDECLARED_SELECTOR = YES;
				GCC_WARN_UNINITIALIZED_AUTOS = YES_AGGRESSIVE;
				GCC_WARN_UNUSED_FUNCTION = YES;
				GCC_WARN_UNUSED_VARIABLE = YES;
				IPHONEOS_DEPLOYMENT_TARGET = 14.1;
				MTL_ENABLE_DEBUG_INFO = NO;
				MTL_FAST_MATH = YES;
				SDKROOT = iphoneos;
				SWIFT_COMPILATION_MODE = wholemodule;
				SWIFT_OPTIMIZATION_LEVEL = "-O";
				VALIDATE_PRODUCT = YES;
			};
			name = Release;
		};
		DB78F0F325541E3D00CD05E9 /* Debug */ = {
			isa = XCBuildConfiguration;
			buildSettings = {
				ASSETCATALOG_COMPILER_APPICON_NAME = AppIcon;
				ASSETCATALOG_COMPILER_GLOBAL_ACCENT_COLOR_NAME = AccentColor;
				CODE_SIGN_STYLE = Automatic;
				DEVELOPMENT_TEAM = P86FRSH948;
				INFOPLIST_FILE = "The Light/Info.plist";
				LD_RUNPATH_SEARCH_PATHS = (
					"$(inherited)",
					"@executable_path/Frameworks",
				);
				PRODUCT_BUNDLE_IDENTIFIER = "com.kif997.The-Light";
				PRODUCT_NAME = "$(TARGET_NAME)";
				SWIFT_VERSION = 5.0;
				TARGETED_DEVICE_FAMILY = "1,2";
			};
			name = Debug;
		};
		DB78F0F425541E3D00CD05E9 /* Release */ = {
			isa = XCBuildConfiguration;
			buildSettings = {
				ASSETCATALOG_COMPILER_APPICON_NAME = AppIcon;
				ASSETCATALOG_COMPILER_GLOBAL_ACCENT_COLOR_NAME = AccentColor;
				CODE_SIGN_STYLE = Automatic;
				DEVELOPMENT_TEAM = P86FRSH948;
				INFOPLIST_FILE = "The Light/Info.plist";
				LD_RUNPATH_SEARCH_PATHS = (
					"$(inherited)",
					"@executable_path/Frameworks",
				);
				PRODUCT_BUNDLE_IDENTIFIER = "com.kif997.The-Light";
				PRODUCT_NAME = "$(TARGET_NAME)";
				SWIFT_VERSION = 5.0;
				TARGETED_DEVICE_FAMILY = "1,2";
			};
			name = Release;
		};
/* End XCBuildConfiguration section */

/* Begin XCConfigurationList section */
		DB78F0D925541E1D00CD05E9 /* Build configuration list for PBXProject "The Light" */ = {
			isa = XCConfigurationList;
			buildConfigurations = (
				DB78F0F025541E3D00CD05E9 /* Debug */,
				DB78F0F125541E3D00CD05E9 /* Release */,
			);
			defaultConfigurationIsVisible = 0;
			defaultConfigurationName = Release;
		};
		DB78F0F225541E3D00CD05E9 /* Build configuration list for PBXNativeTarget "The Light" */ = {
			isa = XCConfigurationList;
			buildConfigurations = (
				DB78F0F325541E3D00CD05E9 /* Debug */,
				DB78F0F425541E3D00CD05E9 /* Release */,
			);
			defaultConfigurationIsVisible = 0;
			defaultConfigurationName = Release;
		};
/* End XCConfigurationList section */
	};
	rootObject = DB78F0D625541E1D00CD05E9 /* Project object */;
}
